{
  "name": "@tislib/ui-expose-core",
  "version": "0.0.6",
  "lockfileVersion": 1,
  "requires": true,
  "dependencies": {
    "@types/node": {
      "version": "13.1.0",
      "resolved": "https://registry.npmjs.org/@types/node/-/node-13.1.0.tgz",
      "integrity": "sha512-zwrxviZS08kRX40nqBrmERElF2vpw4IUTd5khkhBTfFH8AOaeoLVx48EC4+ZzS2/Iga7NevncqnsUSYjM4OWYA==",
      "dev": true
    },
    "typescript": {
      "version": "3.7.4",
      "resolved": "https://registry.npmjs.org/typescript/-/typescript-3.7.4.tgz",
      "integrity": "sha512-A25xv5XCtarLwXpcDNZzCGvW2D1S3/bACratYBx2sax8PefsFhlYmkQicKHvpYflFS8if4zne5zT5kpJ7pzuvw==",
      "dev": true
    }
  }
}
